
Microsoft Visual Studio Solution File, Format Version 12.00
# Visual Studio 2013
VisualStudioVersion = 12.0.21005.1
MinimumVisualStudioVersion = 10.0.40219.1
Project("{2150E333-8FDC-42A3-9474-1A3956D46DE8}") = "Solution Items", "Solution Items", "{09B0234F-1E58-4FC4-8DE8-725130EAEA78}"
	ProjectSection(SolutionItems) = preProject
		TokenReplaceTask.targets = TokenReplaceTask.targets
	EndProjectSection
EndProject
Project("{FAE04EC0-301F-11D3-BF4B-00C04F79EFBC}") = "TokenReplaceTaskDemo", "TokenReplaceTaskDemo\TokenReplaceTaskDemo.csproj", "{1F76C787-6BDC-4E78-9B4F-8FE547A253D9}"
EndProject
Global
	GlobalSection(SolutionConfigurationPlatforms) = preSolution
		Debug|Any CPU = Debug|Any CPU
		Release|Any CPU = Release|Any CPU
	EndGlobalSection
	GlobalSection(ProjectConfigurationPlatforms) = postSolution
		{1F76C787-6BDC-4E78-9B4F-8FE547A253D9}.Debug|Any CPU.ActiveCfg = Debug|Any CPU
		{1F76C787-6BDC-4E78-9B4F-8FE547A253D9}.Debug|Any CPU.Build.0 = Debug|Any CPU
		{1F76C787-6BDC-4E78-9B4F-8FE547A253D9}.Release|Any CPU.ActiveCfg = Release|Any CPU
		{1F76C787-6BDC-4E78-9B4F-8FE547A253D9}.Release|Any CPU.Build.0 = Release|Any CPU
	EndGlobalSection
	GlobalSection(SolutionProperties) = preSolution
		HideSolutionNode = FALSE
	EndGlobalSection
EndGlobal
