
Microsoft Visual Studio Solution File, Format Version 12.00
# Visual Studio 2013
VisualStudioVersion = 12.0.21005.1
MinimumVisualStudioVersion = 10.0.40219.1
Project("{FAE04EC0-301F-11D3-BF4B-00C04F79EFBC}") = "DesaturateImageTaskDemo", "DesaturateImageTaskDemo\DesaturateImageTaskDemo.csproj", "{3DE7076D-88EF-4D53-BDDA-0201A89C1BC2}"
EndProject
Project("{2150E333-8FDC-42A3-9474-1A3956D46DE8}") = "Solution Items", "Solution Items", "{A6772C25-6018-4873-A7D4-B81BD933F04D}"
	ProjectSection(SolutionItems) = preProject
		DesaturateImageTask.targets = DesaturateImageTask.targets
	EndProjectSection
EndProject
Global
	GlobalSection(SolutionConfigurationPlatforms) = preSolution
		Debug|Any CPU = Debug|Any CPU
		Release|Any CPU = Release|Any CPU
	EndGlobalSection
	GlobalSection(ProjectConfigurationPlatforms) = postSolution
		{3DE7076D-88EF-4D53-BDDA-0201A89C1BC2}.Debug|Any CPU.ActiveCfg = Debug|Any CPU
		{3DE7076D-88EF-4D53-BDDA-0201A89C1BC2}.Debug|Any CPU.Build.0 = Debug|Any CPU
		{3DE7076D-88EF-4D53-BDDA-0201A89C1BC2}.Release|Any CPU.ActiveCfg = Release|Any CPU
		{3DE7076D-88EF-4D53-BDDA-0201A89C1BC2}.Release|Any CPU.Build.0 = Release|Any CPU
	EndGlobalSection
	GlobalSection(SolutionProperties) = preSolution
		HideSolutionNode = FALSE
	EndGlobalSection
EndGlobal
